
Microsoft Visual Studio Solution File, Format Version 12.00
# Visual Studio Version 17
VisualStudioVersion = 17.8.34511.84
MinimumVisualStudioVersion = 10.0.40219.1
Project("{8BC9CEB8-8B4A-11D0-8D11-00A0C91BC942}") = "Project1", "Project1.vcxproj", "{745F291E-4FBA-4457-955D-1A4ADD3BBA94}"
EndProject
Global
	GlobalSection(SolutionConfigurationPlatforms) = preSolution
		Debug|x64 = Debug|x64
		Debug|x86 = Debug|x86
		Release|x64 = Release|x64
		Release|x86 = Release|x86
	EndGlobalSection
	GlobalSection(ProjectConfigurationPlatforms) = postSolution
		{745F291E-4FBA-4457-955D-1A4ADD3BBA94}.Debug|x64.ActiveCfg = Debug|x64
		{745F291E-4FBA-4457-955D-1A4ADD3BBA94}.Debug|x64.Build.0 = Debug|x64
		{745F291E-4FBA-4457-955D-1A4ADD3BBA94}.Debug|x86.ActiveCfg = Debug|Win32
		{745F291E-4FBA-4457-955D-1A4ADD3BBA94}.Debug|x86.Build.0 = Debug|Win32
		{745F291E-4FBA-4457-955D-1A4ADD3BBA94}.Release|x64.ActiveCfg = Release|x64
		{745F291E-4FBA-4457-955D-1A4ADD3BBA94}.Release|x64.Build.0 = Release|x64
		{745F291E-4FBA-4457-955D-1A4ADD3BBA94}.Release|x86.ActiveCfg = Release|Win32
		{745F291E-4FBA-4457-955D-1A4ADD3BBA94}.Release|x86.Build.0 = Release|Win32
	EndGlobalSection
	GlobalSection(SolutionProperties) = preSolution
		HideSolutionNode = FALSE
	EndGlobalSection
	GlobalSection(ExtensibilityGlobals) = postSolution
		SolutionGuid = {6BA4F91E-9D5C-4739-B5DA-DE8BC65785FA}
	EndGlobalSection
EndGlobal
